
Microsoft Visual Studio Solution File, Format Version 12.00
# Visual Studio Version 17
VisualStudioVersion = 17.2.32630.192
MinimumVisualStudioVersion = 10.0.40219.1
Project("{9A19103F-16F7-4668-BE54-9A1E7A4F7556}") = "Sequence", "Sequence\Sequence.csproj", "{315FBC30-8A2F-4EE2-A19A-E2FC564BF380}"
EndProject
Project("{9A19103F-16F7-4668-BE54-9A1E7A4F7556}") = "Sequence.TestNIST", "Sequence.TestNIST\Sequence.TestNIST.csproj", "{36C0C749-9F9E-4EBE-811B-891A479A23D8}"
EndProject
Global
	GlobalSection(SolutionConfigurationPlatforms) = preSolution
		Debug|Any CPU = Debug|Any CPU
		Release|Any CPU = Release|Any CPU
	EndGlobalSection
	GlobalSection(ProjectConfigurationPlatforms) = postSolution
		{315FBC30-8A2F-4EE2-A19A-E2FC564BF380}.Debug|Any CPU.ActiveCfg = Debug|Any CPU
		{315FBC30-8A2F-4EE2-A19A-E2FC564BF380}.Debug|Any CPU.Build.0 = Debug|Any CPU
		{315FBC30-8A2F-4EE2-A19A-E2FC564BF380}.Release|Any CPU.ActiveCfg = Release|Any CPU
		{315FBC30-8A2F-4EE2-A19A-E2FC564BF380}.Release|Any CPU.Build.0 = Release|Any CPU
		{36C0C749-9F9E-4EBE-811B-891A479A23D8}.Debug|Any CPU.ActiveCfg = Debug|Any CPU
		{36C0C749-9F9E-4EBE-811B-891A479A23D8}.Debug|Any CPU.Build.0 = Debug|Any CPU
		{36C0C749-9F9E-4EBE-811B-891A479A23D8}.Release|Any CPU.ActiveCfg = Release|Any CPU
		{36C0C749-9F9E-4EBE-811B-891A479A23D8}.Release|Any CPU.Build.0 = Release|Any CPU
	EndGlobalSection
	GlobalSection(SolutionProperties) = preSolution
		HideSolutionNode = FALSE
	EndGlobalSection
	GlobalSection(ExtensibilityGlobals) = postSolution
		SolutionGuid = {102E85AA-193B-4130-9077-E7B8C5E7AE11}
	EndGlobalSection
EndGlobal
